
Microsoft Visual Studio Solution File, Format Version 12.00
# Visual Studio Version 17
VisualStudioVersion = 17.5.002.0
MinimumVisualStudioVersion = 10.0.40219.1
Project("{9A19103F-16F7-4668-BE54-9A1E7A4F7556}") = "Net8StarterApi", "Net8StarterApi.csproj", "{EAC1AF5C-BB0B-4C00-B550-7EA17F824496}"
EndProject
Global
	GlobalSection(SolutionConfigurationPlatforms) = preSolution
		Debug|Any CPU = Debug|Any CPU
		Release|Any CPU = Release|Any CPU
	EndGlobalSection
	GlobalSection(ProjectConfigurationPlatforms) = postSolution
		{EAC1AF5C-BB0B-4C00-B550-7EA17F824496}.Debug|Any CPU.ActiveCfg = Debug|Any CPU
		{EAC1AF5C-BB0B-4C00-B550-7EA17F824496}.Debug|Any CPU.Build.0 = Debug|Any CPU
		{EAC1AF5C-BB0B-4C00-B550-7EA17F824496}.Release|Any CPU.ActiveCfg = Release|Any CPU
		{EAC1AF5C-BB0B-4C00-B550-7EA17F824496}.Release|Any CPU.Build.0 = Release|Any CPU
	EndGlobalSection
	GlobalSection(SolutionProperties) = preSolution
		HideSolutionNode = FALSE
	EndGlobalSection
	GlobalSection(ExtensibilityGlobals) = postSolution
		SolutionGuid = {28EC5FC3-FA22-494C-B64E-1264FCDF2243}
	EndGlobalSection
EndGlobal
